
Microsoft Visual Studio Solution File, Format Version 12.00
# Visual Studio Version 17
VisualStudioVersion = 17.7.34031.279
MinimumVisualStudioVersion = 10.0.40219.1
Project("{FAE04EC0-301F-11D3-BF4B-00C04F79EFBC}") = "TravelAgency", "TravelAgency\TravelAgency.csproj", "{AE6D9EE8-690E-4E20-8C22-541AB1E043A9}"
EndProject
Global
	GlobalSection(SolutionConfigurationPlatforms) = preSolution
		Debug|Any CPU = Debug|Any CPU
		Release|Any CPU = Release|Any CPU
	EndGlobalSection
	GlobalSection(ProjectConfigurationPlatforms) = postSolution
		{AE6D9EE8-690E-4E20-8C22-541AB1E043A9}.Debug|Any CPU.ActiveCfg = Debug|Any CPU
		{AE6D9EE8-690E-4E20-8C22-541AB1E043A9}.Debug|Any CPU.Build.0 = Debug|Any CPU
		{AE6D9EE8-690E-4E20-8C22-541AB1E043A9}.Release|Any CPU.ActiveCfg = Release|Any CPU
		{AE6D9EE8-690E-4E20-8C22-541AB1E043A9}.Release|Any CPU.Build.0 = Release|Any CPU
	EndGlobalSection
	GlobalSection(SolutionProperties) = preSolution
		HideSolutionNode = FALSE
	EndGlobalSection
	GlobalSection(ExtensibilityGlobals) = postSolution
		SolutionGuid = {10DA976F-B34D-4A70-843A-9DDEC7410216}
	EndGlobalSection
EndGlobal
